<?xml version="1.0" encoding="utf-8"?>
<Project ToolsVersion="4.0" xmlns="http://schemas.microsoft.com/developer/msbuild/2003">
  <ItemGroup>
    <Filter Include="res">
      <UniqueIdentifier>{221DB800-58C8-C132-C119-ED0E3DE82B80}</UniqueIdentifier>
    </Filter>
    <Filter Include="res">
      <UniqueIdentifier>{221DB800-58C8-C132-C119-ED0E3DE82B80}</UniqueIdentifier>
    </Filter>
  </ItemGroup>
  <ItemGroup>
    <ClCompile Include="CmdLineParser.cpp"/>
    <ClCompile Include="IniFile.cpp"/>
    <ClCompile Include="LauncherApp.cpp"/>
    <ClCompile Include="MainWnd.cpp"/>
    <ClCompile Include="stdafx.cpp"/>
    <ClCompile Include="SysTray.cpp"/>
    <ClInclude Include="CmdLineParser.h"/>
    <ClInclude Include="IniFile.h"/>
    <ClInclude Include="LauncherApp.h"/>
    <ClInclude Include="MainWnd.h"/>
    <ClInclude Include="Resource.h"/>
    <ClInclude Include="stdafx.h"/>
    <ClInclude Include="SysTray.h"/>
    <ResourceCompile Include="fxfile-launcher.rc"/>
    <None Include="res\fxfile-launcher.ico">
      <Filter>res</Filter>
    </None>
    <None Include="res\fxfile-launcher.rc2">
      <Filter>res</Filter>
    </None>
    <None Include="fxfile-launcher.gyp"/>
  </ItemGroup>
</Project>
