<?xml version="1.0" encoding="utf-8"?>
<Project ToolsVersion="4.0" xmlns="http://schemas.microsoft.com/developer/msbuild/2003">
  <ItemGroup>
    <Filter Include="res">
      <UniqueIdentifier>{221DB800-58C8-C132-C119-ED0E3DE82B80}</UniqueIdentifier>
    </Filter>
  </ItemGroup>
  <ItemGroup>
    <ClCompile Include="AboutDlg.cpp"/>
    <ClCompile Include="SendMailDlg.cpp"/>
    <ClCompile Include="SimpleDlg.cpp"/>
    <ClInclude Include="AboutDlg.h"/>
    <ClInclude Include="SendMailDlg.h"/>
    <ClInclude Include="SimpleDlg.h"/>
    <ClCompile Include="ColHelper.cpp"/>
    <ClCompile Include="StrHolder.cpp"/>
    <ClInclude Include="Array.h"/>
    <ClInclude Include="ColHelper.h"/>
    <ClInclude Include="Hash.h"/>
    <ClCompile Include="InMemLogFile.cpp"/>
    <ClInclude Include="InMemLogFile.h"/>
    <ClCompile Include="LogStream.cpp"/>
    <ClInclude Include="LogStream.h"/>
    <ClCompile Include="ModuleImportTable.cpp"/>
    <ClInclude Include="ModuleImportTable.h"/>
    <ClCompile Include="TransferProgressDlg.cpp"/>
    <ClInclude Include="TransferProgressDlg.h"/>
    <ClCompile Include="DescribeErrorDlg.cpp"/>
    <ClInclude Include="DescribeErrorDlg.h"/>
    <ClCompile Include="WaitDlg.cpp"/>
    <ClInclude Include="WaitDlg.h"/>
    <ClCompile Include="MainDlg.cpp"/>
    <ClInclude Include="MainDlg.h"/>
    <ClCompile Include="PreviewDlg.cpp"/>
    <ClInclude Include="PreviewDlg.h"/>
    <ClCompile Include="MachineInfoDlg.cpp"/>
    <ClInclude Include="MachineInfoDlg.h"/>
    <ClCompile Include="MachineStateDlg.cpp"/>
    <ClInclude Include="MachineStateDlg.h"/>
    <ClInclude Include="InPlaceNew.h"/>
    <ClInclude Include="InterfacePtr.h"/>
    <ClInclude Include="List.h"/>
    <ClInclude Include="SmartPtr.h"/>
    <ClInclude Include="StrHolder.h"/>
    <ClCompile Include="AnimProgressBar.cpp"/>
    <ClCompile Include="HexView.cpp"/>
    <ClCompile Include="HyperLink.cpp"/>
    <ClCompile Include="ImageView.cpp"/>
    <ClCompile Include="LayoutManager.cpp"/>
    <ClCompile Include="Splitter.cpp"/>
    <ClCompile Include="TextView.cpp"/>
    <ClCompile Include="WaitCursor.cpp"/>
    <ClInclude Include="AnimProgressBar.h"/>
    <ClInclude Include="HexView.h"/>
    <ClInclude Include="HyperLink.h"/>
    <ClInclude Include="ImageView.h"/>
    <ClInclude Include="LayoutManager.h"/>
    <ClInclude Include="Splitter.h"/>
    <ClInclude Include="TextView.h"/>
    <ClInclude Include="WaitCursor.h"/>
    <ClCompile Include="CMapi.cpp"/>
    <ClCompile Include="EnumProcess.cpp"/>
    <ClCompile Include="LogFile.cpp"/>
    <ClCompile Include="NetThunks.cpp"/>
    <ClCompile Include="SymEngine.cpp"/>
    <ClCompile Include="SymEngineNet.cpp"/>
    <ClCompile Include="TextLogFile.cpp"/>
    <ClCompile Include="ThemeXP.cpp"/>
    <ClCompile Include="XmlLogFile.cpp"/>
    <ClInclude Include="CMapi.h"/>
    <ClInclude Include="EnumProcess.h"/>
    <ClInclude Include="LogFile.h"/>
    <ClInclude Include="LogLink.h"/>
    <ClInclude Include="NetThunks.h"/>
    <ClInclude Include="SymEngine.h"/>
    <ClInclude Include="SymEngineNet.h"/>
    <ClInclude Include="TextLogFile.h"/>
    <ClInclude Include="ThemeXP.h"/>
    <ClInclude Include="XmlLogFile.h"/>
    <ClCompile Include="BugTrap.cpp"/>
    <ClCompile Include="BugTrapNet.cpp"/>
    <ClCompile Include="BugTrapUI.cpp"/>
    <ClCompile Include="BugTrapUtils.cpp"/>
    <ClCompile Include="ResManager.cpp"/>
    <ClInclude Include="BTAtlWindow.h"/>
    <ClInclude Include="BTMfcWindow.h"/>
    <ClInclude Include="BTTrace.h"/>
    <ClInclude Include="BugTrap.h"/>
    <ClInclude Include="BugTrapNet.h"/>
    <ClInclude Include="BugTrapUI.h"/>
    <ClInclude Include="BugTrapUtils.h"/>
    <ClInclude Include="fxfile-crash.h"/>
    <ClInclude Include="ResManager.h"/>
    <ClCompile Include="stdafx.cpp"/>
    <ClInclude Include="stdafx.h"/>
    <ClCompile Include="Globals.cpp"/>
    <ClInclude Include="Globals.h"/>
    <ClInclude Include="LeakWatcher.h"/>
    <ClInclude Include="resource.h"/>
    <ClInclude Include="VersionInfo.h"/>
    <ClCompile Include="AssemblyInfo.cpp"/>
    <None Include="BugTrap.def"/>
    <ResourceCompile Include="BugTrap.rc"/>
    <ClCompile Include="Encoding.cpp"/>
    <ClCompile Include="TextFormat.cpp"/>
    <ClInclude Include="Encoding.h"/>
    <ClInclude Include="TextFormat.h"/>
    <ClCompile Include="XmlReader.cpp"/>
    <ClCompile Include="XmlWriter.cpp"/>
    <ClInclude Include="XmlReader.h"/>
    <ClInclude Include="XmlWriter.h"/>
    <ClCompile Include="FileStream.cpp"/>
    <ClCompile Include="InputStream.cpp"/>
    <ClCompile Include="MemStream.cpp"/>
    <ClCompile Include="OutputStream.cpp"/>
    <ClCompile Include="StrStream.cpp"/>
    <ClInclude Include="BaseStream.h"/>
    <ClInclude Include="FileStream.h"/>
    <ClInclude Include="InputStream.h"/>
    <ClInclude Include="MemStream.h"/>
    <ClInclude Include="OutputStream.h"/>
    <ClInclude Include="Stream.h"/>
    <ClInclude Include="StrStream.h"/>
    <None Include="res\Bug.ico">
      <Filter>res</Filter>
    </None>
    <None Include="fxfile-crash.gyp"/>
  </ItemGroup>
</Project>
