<?xml version="1.0" encoding="utf-8"?>
<Project ToolsVersion="17.0" xmlns="http://schemas.microsoft.com/developer/msbuild/2003">
  <ItemGroup>
    <ClCompile Include="Z:\build_cmake\src\fxfile-launcher\CMakeFiles\fxfile-launcher.dir\cmake_pch.cxx">
      <Filter>Source Files</Filter>
    </ClCompile>
    <ClCompile Include="Z:\src\fxfile-launcher\CmdLineParser.cpp">
      <Filter>Source Files</Filter>
    </ClCompile>
    <ClCompile Include="Z:\src\fxfile-launcher\IniFile.cpp">
      <Filter>Source Files</Filter>
    </ClCompile>
    <ClCompile Include="Z:\src\fxfile-launcher\LauncherApp.cpp">
      <Filter>Source Files</Filter>
    </ClCompile>
    <ClCompile Include="Z:\src\fxfile-launcher\MainWnd.cpp">
      <Filter>Source Files</Filter>
    </ClCompile>
    <ClCompile Include="Z:\src\fxfile-launcher\SysTray.cpp">
      <Filter>Source Files</Filter>
    </ClCompile>
    <ClCompile Include="Z:\src\fxfile-launcher\stdafx.cpp">
      <Filter>Source Files</Filter>
    </ClCompile>
  </ItemGroup>
  <ItemGroup>
    <ClInclude Include="Z:\src\fxfile-launcher\CmdLineParser.h">
      <Filter>Header Files</Filter>
    </ClInclude>
    <ClInclude Include="Z:\src\fxfile-launcher\IniFile.h">
      <Filter>Header Files</Filter>
    </ClInclude>
    <ClInclude Include="Z:\src\fxfile-launcher\LauncherApp.h">
      <Filter>Header Files</Filter>
    </ClInclude>
    <ClInclude Include="Z:\src\fxfile-launcher\MainWnd.h">
      <Filter>Header Files</Filter>
    </ClInclude>
    <ClInclude Include="Z:\src\fxfile-launcher\SysTray.h">
      <Filter>Header Files</Filter>
    </ClInclude>
    <ClInclude Include="Z:\src\fxfile-launcher\resource.h">
      <Filter>Header Files</Filter>
    </ClInclude>
    <ClInclude Include="Z:\src\fxfile-launcher\stdafx.h">
      <Filter>Header Files</Filter>
    </ClInclude>
    <ClInclude Include="Z:\build_cmake\src\fxfile-launcher\CMakeFiles\fxfile-launcher.dir\Debug\cmake_pch.hxx">
      <Filter>Precompile Header File</Filter>
    </ClInclude>
    <ClInclude Include="Z:\build_cmake\src\fxfile-launcher\CMakeFiles\fxfile-launcher.dir\Release\cmake_pch.hxx">
      <Filter>Precompile Header File</Filter>
    </ClInclude>
    <ClInclude Include="Z:\build_cmake\src\fxfile-launcher\CMakeFiles\fxfile-launcher.dir\MinSizeRel\cmake_pch.hxx">
      <Filter>Precompile Header File</Filter>
    </ClInclude>
    <ClInclude Include="Z:\build_cmake\src\fxfile-launcher\CMakeFiles\fxfile-launcher.dir\RelWithDebInfo\cmake_pch.hxx">
      <Filter>Precompile Header File</Filter>
    </ClInclude>
  </ItemGroup>
  <ItemGroup>
    <CustomBuild Include="Z:\src\fxfile-launcher\CMakeLists.txt" />
  </ItemGroup>
  <ItemGroup>
    <Object Include="Z:\build_cmake\src\base\base.dir\$(Configuration)\cmake_pch.obj">
      <Filter>Object Libraries</Filter>
    </Object>
    <Object Include="Z:\build_cmake\src\base\base.dir\$(Configuration)\conf_file.obj">
      <Filter>Object Libraries</Filter>
    </Object>
    <Object Include="Z:\build_cmake\src\base\base.dir\$(Configuration)\crc32.obj">
      <Filter>Object Libraries</Filter>
    </Object>
    <Object Include="Z:\build_cmake\src\base\base.dir\$(Configuration)\env_path.obj">
      <Filter>Object Libraries</Filter>
    </Object>
    <Object Include="Z:\build_cmake\src\base\base.dir\$(Configuration)\fnmatch.obj">
      <Filter>Object Libraries</Filter>
    </Object>
    <Object Include="Z:\build_cmake\src\base\base.dir\$(Configuration)\format_string_table.obj">
      <Filter>Object Libraries</Filter>
    </Object>
    <Object Include="Z:\build_cmake\src\base\base.dir\$(Configuration)\getopt.obj">
      <Filter>Object Libraries</Filter>
    </Object>
    <Object Include="Z:\build_cmake\src\base\base.dir\$(Configuration)\language_pack.obj">
      <Filter>Object Libraries</Filter>
    </Object>
    <Object Include="Z:\build_cmake\src\base\base.dir\$(Configuration)\language_table.obj">
      <Filter>Object Libraries</Filter>
    </Object>
    <Object Include="Z:\build_cmake\src\base\base.dir\$(Configuration)\md5.obj">
      <Filter>Object Libraries</Filter>
    </Object>
    <Object Include="Z:\build_cmake\src\base\base.dir\$(Configuration)\pidl_win.obj">
      <Filter>Object Libraries</Filter>
    </Object>
    <Object Include="Z:\build_cmake\src\base\base.dir\$(Configuration)\sha.obj">
      <Filter>Object Libraries</Filter>
    </Object>
    <Object Include="Z:\build_cmake\src\base\base.dir\$(Configuration)\shell_enumerator_win.obj">
      <Filter>Object Libraries</Filter>
    </Object>
    <Object Include="Z:\build_cmake\src\base\base.dir\$(Configuration)\shell_item_win.obj">
      <Filter>Object Libraries</Filter>
    </Object>
    <Object Include="Z:\build_cmake\src\base\base.dir\$(Configuration)\stdafx.obj">
      <Filter>Object Libraries</Filter>
    </Object>
    <Object Include="Z:\build_cmake\src\base\base.dir\$(Configuration)\string_table.obj">
      <Filter>Object Libraries</Filter>
    </Object>
    <Object Include="Z:\build_cmake\src\base\base.dir\$(Configuration)\update_info_manager.obj">
      <Filter>Object Libraries</Filter>
    </Object>
    <Object Include="Z:\build_cmake\src\base\base.dir\$(Configuration)\xml.obj">
      <Filter>Object Libraries</Filter>
    </Object>
  </ItemGroup>
  <ItemGroup>
    <ResourceCompile Include="Z:\src\fxfile-launcher\fxfile-launcher.rc">
      <Filter>Source Files</Filter>
    </ResourceCompile>
  </ItemGroup>
  <ItemGroup>
    <Filter Include="Header Files">
      <UniqueIdentifier>{ACA06605-2645-3A35-AACD-0CB75A54420A}</UniqueIdentifier>
    </Filter>
    <Filter Include="Object Libraries">
      <UniqueIdentifier>{85A3A6C0-258C-39FC-87E9-21F2F37B5364}</UniqueIdentifier>
    </Filter>
    <Filter Include="Precompile Header File">
      <UniqueIdentifier>{304CFCE4-4393-3E36-90E5-D09ECC501163}</UniqueIdentifier>
    </Filter>
    <Filter Include="Source Files">
      <UniqueIdentifier>{68AEEC33-EF37-3E43-A194-36CBE259AA84}</UniqueIdentifier>
    </Filter>
  </ItemGroup>
</Project>
