<?xml version="1.0" encoding="utf-8"?>
<Project ToolsVersion="17.0" xmlns="http://schemas.microsoft.com/developer/msbuild/2003">
  <ItemGroup>
    <ClCompile Include="Z:\build_cmake_x32\src\base\CMakeFiles\base.dir\cmake_pch.cxx">
      <Filter>Source Files</Filter>
    </ClCompile>
    <ClCompile Include="Z:\src\base\conf_file.cpp">
      <Filter>Source Files</Filter>
    </ClCompile>
    <ClCompile Include="Z:\src\base\crc32.c">
      <Filter>Source Files</Filter>
    </ClCompile>
    <ClCompile Include="Z:\src\base\env_path.cpp">
      <Filter>Source Files</Filter>
    </ClCompile>
    <ClCompile Include="Z:\src\base\fnmatch.cpp">
      <Filter>Source Files</Filter>
    </ClCompile>
    <ClCompile Include="Z:\src\base\format_string_table.cpp">
      <Filter>Source Files</Filter>
    </ClCompile>
    <ClCompile Include="Z:\src\base\getopt.c">
      <Filter>Source Files</Filter>
    </ClCompile>
    <ClCompile Include="Z:\src\base\language_pack.cpp">
      <Filter>Source Files</Filter>
    </ClCompile>
    <ClCompile Include="Z:\src\base\language_table.cpp">
      <Filter>Source Files</Filter>
    </ClCompile>
    <ClCompile Include="Z:\src\base\md5.c">
      <Filter>Source Files</Filter>
    </ClCompile>
    <ClCompile Include="Z:\src\base\pidl_win.cpp">
      <Filter>Source Files</Filter>
    </ClCompile>
    <ClCompile Include="Z:\src\base\sha.c">
      <Filter>Source Files</Filter>
    </ClCompile>
    <ClCompile Include="Z:\src\base\shell_enumerator_win.cpp">
      <Filter>Source Files</Filter>
    </ClCompile>
    <ClCompile Include="Z:\src\base\shell_item_win.cpp">
      <Filter>Source Files</Filter>
    </ClCompile>
    <ClCompile Include="Z:\src\base\stdafx.cpp">
      <Filter>Source Files</Filter>
    </ClCompile>
    <ClCompile Include="Z:\src\base\string_table.cpp">
      <Filter>Source Files</Filter>
    </ClCompile>
    <ClCompile Include="Z:\src\base\update_info_manager.cpp">
      <Filter>Source Files</Filter>
    </ClCompile>
    <ClCompile Include="Z:\src\base\xml.cpp">
      <Filter>Source Files</Filter>
    </ClCompile>
  </ItemGroup>
  <ItemGroup>
    <ClInclude Include="Z:\src\base\conf_file.h">
      <Filter>Header Files</Filter>
    </ClInclude>
    <ClInclude Include="Z:\src\base\conf_file_ex.h">
      <Filter>Header Files</Filter>
    </ClInclude>
    <ClInclude Include="Z:\src\base\crc32.h">
      <Filter>Header Files</Filter>
    </ClInclude>
    <ClInclude Include="Z:\src\base\def.h">
      <Filter>Header Files</Filter>
    </ClInclude>
    <ClInclude Include="Z:\src\base\def_win.h">
      <Filter>Header Files</Filter>
    </ClInclude>
    <ClInclude Include="Z:\src\base\env_path.h">
      <Filter>Header Files</Filter>
    </ClInclude>
    <ClInclude Include="Z:\src\base\fnmatch.h">
      <Filter>Header Files</Filter>
    </ClInclude>
    <ClInclude Include="Z:\src\base\format_string_table.h">
      <Filter>Header Files</Filter>
    </ClInclude>
    <ClInclude Include="Z:\src\base\getopt.h">
      <Filter>Header Files</Filter>
    </ClInclude>
    <ClInclude Include="Z:\src\base\hash-internal.h">
      <Filter>Header Files</Filter>
    </ClInclude>
    <ClInclude Include="Z:\src\base\inttypes.h">
      <Filter>Header Files</Filter>
    </ClInclude>
    <ClInclude Include="Z:\src\base\language_pack.h">
      <Filter>Header Files</Filter>
    </ClInclude>
    <ClInclude Include="Z:\src\base\language_table.h">
      <Filter>Header Files</Filter>
    </ClInclude>
    <ClInclude Include="Z:\src\base\md5.h">
      <Filter>Header Files</Filter>
    </ClInclude>
    <ClInclude Include="Z:\src\base\pattern.h">
      <Filter>Header Files</Filter>
    </ClInclude>
    <ClInclude Include="Z:\src\base\pidl_win.h">
      <Filter>Header Files</Filter>
    </ClInclude>
    <ClInclude Include="Z:\src\base\sha.h">
      <Filter>Header Files</Filter>
    </ClInclude>
    <ClInclude Include="Z:\src\base\shell_enumerator.h">
      <Filter>Header Files</Filter>
    </ClInclude>
    <ClInclude Include="Z:\src\base\shell_item.h">
      <Filter>Header Files</Filter>
    </ClInclude>
    <ClInclude Include="Z:\src\base\stdafx.h">
      <Filter>Header Files</Filter>
    </ClInclude>
    <ClInclude Include="Z:\src\base\stdint.h">
      <Filter>Header Files</Filter>
    </ClInclude>
    <ClInclude Include="Z:\src\base\string_table.h">
      <Filter>Header Files</Filter>
    </ClInclude>
    <ClInclude Include="Z:\src\base\upchecker_def.h">
      <Filter>Header Files</Filter>
    </ClInclude>
    <ClInclude Include="Z:\src\base\update_info_manager.h">
      <Filter>Header Files</Filter>
    </ClInclude>
    <ClInclude Include="Z:\src\base\xml.h">
      <Filter>Header Files</Filter>
    </ClInclude>
    <ClInclude Include="Z:\build_cmake_x32\src\base\CMakeFiles\base.dir\Debug\cmake_pch.hxx">
      <Filter>Precompile Header File</Filter>
    </ClInclude>
    <ClInclude Include="Z:\build_cmake_x32\src\base\CMakeFiles\base.dir\Release\cmake_pch.hxx">
      <Filter>Precompile Header File</Filter>
    </ClInclude>
    <ClInclude Include="Z:\build_cmake_x32\src\base\CMakeFiles\base.dir\MinSizeRel\cmake_pch.hxx">
      <Filter>Precompile Header File</Filter>
    </ClInclude>
    <ClInclude Include="Z:\build_cmake_x32\src\base\CMakeFiles\base.dir\RelWithDebInfo\cmake_pch.hxx">
      <Filter>Precompile Header File</Filter>
    </ClInclude>
  </ItemGroup>
  <ItemGroup>
    <CustomBuild Include="Z:\src\base\CMakeLists.txt" />
  </ItemGroup>
  <ItemGroup>
    <Filter Include="Header Files">
      <UniqueIdentifier>{0EE49D60-3E64-364D-961A-4B9D3B623E1D}</UniqueIdentifier>
    </Filter>
    <Filter Include="Precompile Header File">
      <UniqueIdentifier>{480493AE-1532-3DD5-8EF1-B08572440101}</UniqueIdentifier>
    </Filter>
    <Filter Include="Source Files">
      <UniqueIdentifier>{072414C0-8A0C-3CCE-A98F-47605ED3901F}</UniqueIdentifier>
    </Filter>
  </ItemGroup>
</Project>
