<?xml version="1.0" encoding="utf-8"?>
<Project ToolsVersion="4.0" xmlns="http://schemas.microsoft.com/developer/msbuild/2003">
  <ItemGroup>
    <Filter Include="xpr">
      <UniqueIdentifier>{8B9D2E36-2641-E0D3-06EC-5FE4985ABCED}</UniqueIdentifier>
    </Filter>
    <Filter Include="xpr">
      <UniqueIdentifier>{8B9D2E36-2641-E0D3-06EC-5FE4985ABCED}</UniqueIdentifier>
    </Filter>
    <Filter Include="xpr">
      <UniqueIdentifier>{8B9D2E36-2641-E0D3-06EC-5FE4985ABCED}</UniqueIdentifier>
    </Filter>
    <Filter Include="xpr">
      <UniqueIdentifier>{8B9D2E36-2641-E0D3-06EC-5FE4985ABCED}</UniqueIdentifier>
    </Filter>
    <Filter Include="xpr">
      <UniqueIdentifier>{8B9D2E36-2641-E0D3-06EC-5FE4985ABCED}</UniqueIdentifier>
    </Filter>
    <Filter Include="xpr">
      <UniqueIdentifier>{8B9D2E36-2641-E0D3-06EC-5FE4985ABCED}</UniqueIdentifier>
    </Filter>
    <Filter Include="xpr">
      <UniqueIdentifier>{8B9D2E36-2641-E0D3-06EC-5FE4985ABCED}</UniqueIdentifier>
    </Filter>
    <Filter Include="xpr">
      <UniqueIdentifier>{8B9D2E36-2641-E0D3-06EC-5FE4985ABCED}</UniqueIdentifier>
    </Filter>
    <Filter Include="xpr">
      <UniqueIdentifier>{8B9D2E36-2641-E0D3-06EC-5FE4985ABCED}</UniqueIdentifier>
    </Filter>
    <Filter Include="xpr">
      <UniqueIdentifier>{8B9D2E36-2641-E0D3-06EC-5FE4985ABCED}</UniqueIdentifier>
    </Filter>
    <Filter Include="xpr">
      <UniqueIdentifier>{8B9D2E36-2641-E0D3-06EC-5FE4985ABCED}</UniqueIdentifier>
    </Filter>
    <Filter Include="xpr">
      <UniqueIdentifier>{8B9D2E36-2641-E0D3-06EC-5FE4985ABCED}</UniqueIdentifier>
    </Filter>
    <Filter Include="xpr">
      <UniqueIdentifier>{8B9D2E36-2641-E0D3-06EC-5FE4985ABCED}</UniqueIdentifier>
    </Filter>
    <Filter Include="xpr">
      <UniqueIdentifier>{8B9D2E36-2641-E0D3-06EC-5FE4985ABCED}</UniqueIdentifier>
    </Filter>
    <Filter Include="xpr">
      <UniqueIdentifier>{8B9D2E36-2641-E0D3-06EC-5FE4985ABCED}</UniqueIdentifier>
    </Filter>
    <Filter Include="xpr">
      <UniqueIdentifier>{8B9D2E36-2641-E0D3-06EC-5FE4985ABCED}</UniqueIdentifier>
    </Filter>
    <Filter Include="xpr">
      <UniqueIdentifier>{8B9D2E36-2641-E0D3-06EC-5FE4985ABCED}</UniqueIdentifier>
    </Filter>
    <Filter Include="xpr">
      <UniqueIdentifier>{8B9D2E36-2641-E0D3-06EC-5FE4985ABCED}</UniqueIdentifier>
    </Filter>
    <Filter Include="xpr">
      <UniqueIdentifier>{8B9D2E36-2641-E0D3-06EC-5FE4985ABCED}</UniqueIdentifier>
    </Filter>
    <Filter Include="xpr">
      <UniqueIdentifier>{8B9D2E36-2641-E0D3-06EC-5FE4985ABCED}</UniqueIdentifier>
    </Filter>
    <Filter Include="xpr">
      <UniqueIdentifier>{8B9D2E36-2641-E0D3-06EC-5FE4985ABCED}</UniqueIdentifier>
    </Filter>
    <Filter Include="xpr">
      <UniqueIdentifier>{8B9D2E36-2641-E0D3-06EC-5FE4985ABCED}</UniqueIdentifier>
    </Filter>
    <Filter Include="xpr">
      <UniqueIdentifier>{8B9D2E36-2641-E0D3-06EC-5FE4985ABCED}</UniqueIdentifier>
    </Filter>
    <Filter Include="xpr">
      <UniqueIdentifier>{8B9D2E36-2641-E0D3-06EC-5FE4985ABCED}</UniqueIdentifier>
    </Filter>
    <Filter Include="xpr">
      <UniqueIdentifier>{8B9D2E36-2641-E0D3-06EC-5FE4985ABCED}</UniqueIdentifier>
    </Filter>
    <Filter Include="xpr">
      <UniqueIdentifier>{8B9D2E36-2641-E0D3-06EC-5FE4985ABCED}</UniqueIdentifier>
    </Filter>
    <Filter Include="xpr">
      <UniqueIdentifier>{8B9D2E36-2641-E0D3-06EC-5FE4985ABCED}</UniqueIdentifier>
    </Filter>
    <Filter Include="xpr">
      <UniqueIdentifier>{8B9D2E36-2641-E0D3-06EC-5FE4985ABCED}</UniqueIdentifier>
    </Filter>
    <Filter Include="xpr">
      <UniqueIdentifier>{8B9D2E36-2641-E0D3-06EC-5FE4985ABCED}</UniqueIdentifier>
    </Filter>
    <Filter Include="xpr">
      <UniqueIdentifier>{8B9D2E36-2641-E0D3-06EC-5FE4985ABCED}</UniqueIdentifier>
    </Filter>
    <Filter Include="xpr">
      <UniqueIdentifier>{8B9D2E36-2641-E0D3-06EC-5FE4985ABCED}</UniqueIdentifier>
    </Filter>
    <Filter Include="xpr">
      <UniqueIdentifier>{8B9D2E36-2641-E0D3-06EC-5FE4985ABCED}</UniqueIdentifier>
    </Filter>
    <Filter Include="xpr">
      <UniqueIdentifier>{8B9D2E36-2641-E0D3-06EC-5FE4985ABCED}</UniqueIdentifier>
    </Filter>
    <Filter Include="xpr">
      <UniqueIdentifier>{8B9D2E36-2641-E0D3-06EC-5FE4985ABCED}</UniqueIdentifier>
    </Filter>
    <Filter Include="xpr">
      <UniqueIdentifier>{8B9D2E36-2641-E0D3-06EC-5FE4985ABCED}</UniqueIdentifier>
    </Filter>
    <Filter Include="xpr">
      <UniqueIdentifier>{8B9D2E36-2641-E0D3-06EC-5FE4985ABCED}</UniqueIdentifier>
    </Filter>
    <Filter Include="xpr">
      <UniqueIdentifier>{8B9D2E36-2641-E0D3-06EC-5FE4985ABCED}</UniqueIdentifier>
    </Filter>
    <Filter Include="include">
      <UniqueIdentifier>{EBFF9202-D712-95C2-78A5-A4295ED095B4}</UniqueIdentifier>
    </Filter>
    <Filter Include="include">
      <UniqueIdentifier>{EBFF9202-D712-95C2-78A5-A4295ED095B4}</UniqueIdentifier>
    </Filter>
    <Filter Include="include">
      <UniqueIdentifier>{EBFF9202-D712-95C2-78A5-A4295ED095B4}</UniqueIdentifier>
    </Filter>
    <Filter Include="include">
      <UniqueIdentifier>{EBFF9202-D712-95C2-78A5-A4295ED095B4}</UniqueIdentifier>
    </Filter>
    <Filter Include="include">
      <UniqueIdentifier>{EBFF9202-D712-95C2-78A5-A4295ED095B4}</UniqueIdentifier>
    </Filter>
    <Filter Include="include">
      <UniqueIdentifier>{EBFF9202-D712-95C2-78A5-A4295ED095B4}</UniqueIdentifier>
    </Filter>
    <Filter Include="include">
      <UniqueIdentifier>{EBFF9202-D712-95C2-78A5-A4295ED095B4}</UniqueIdentifier>
    </Filter>
    <Filter Include="include">
      <UniqueIdentifier>{EBFF9202-D712-95C2-78A5-A4295ED095B4}</UniqueIdentifier>
    </Filter>
    <Filter Include="include">
      <UniqueIdentifier>{EBFF9202-D712-95C2-78A5-A4295ED095B4}</UniqueIdentifier>
    </Filter>
    <Filter Include="include">
      <UniqueIdentifier>{EBFF9202-D712-95C2-78A5-A4295ED095B4}</UniqueIdentifier>
    </Filter>
    <Filter Include="include">
      <UniqueIdentifier>{EBFF9202-D712-95C2-78A5-A4295ED095B4}</UniqueIdentifier>
    </Filter>
    <Filter Include="include">
      <UniqueIdentifier>{EBFF9202-D712-95C2-78A5-A4295ED095B4}</UniqueIdentifier>
    </Filter>
    <Filter Include="include">
      <UniqueIdentifier>{EBFF9202-D712-95C2-78A5-A4295ED095B4}</UniqueIdentifier>
    </Filter>
    <Filter Include="include">
      <UniqueIdentifier>{EBFF9202-D712-95C2-78A5-A4295ED095B4}</UniqueIdentifier>
    </Filter>
    <Filter Include="include">
      <UniqueIdentifier>{EBFF9202-D712-95C2-78A5-A4295ED095B4}</UniqueIdentifier>
    </Filter>
    <Filter Include="include">
      <UniqueIdentifier>{EBFF9202-D712-95C2-78A5-A4295ED095B4}</UniqueIdentifier>
    </Filter>
    <Filter Include="include">
      <UniqueIdentifier>{EBFF9202-D712-95C2-78A5-A4295ED095B4}</UniqueIdentifier>
    </Filter>
    <Filter Include="include">
      <UniqueIdentifier>{EBFF9202-D712-95C2-78A5-A4295ED095B4}</UniqueIdentifier>
    </Filter>
    <Filter Include="include">
      <UniqueIdentifier>{EBFF9202-D712-95C2-78A5-A4295ED095B4}</UniqueIdentifier>
    </Filter>
    <Filter Include="include">
      <UniqueIdentifier>{EBFF9202-D712-95C2-78A5-A4295ED095B4}</UniqueIdentifier>
    </Filter>
    <Filter Include="include">
      <UniqueIdentifier>{EBFF9202-D712-95C2-78A5-A4295ED095B4}</UniqueIdentifier>
    </Filter>
    <Filter Include="include">
      <UniqueIdentifier>{EBFF9202-D712-95C2-78A5-A4295ED095B4}</UniqueIdentifier>
    </Filter>
    <Filter Include="include">
      <UniqueIdentifier>{EBFF9202-D712-95C2-78A5-A4295ED095B4}</UniqueIdentifier>
    </Filter>
    <Filter Include="include">
      <UniqueIdentifier>{EBFF9202-D712-95C2-78A5-A4295ED095B4}</UniqueIdentifier>
    </Filter>
    <Filter Include="include">
      <UniqueIdentifier>{EBFF9202-D712-95C2-78A5-A4295ED095B4}</UniqueIdentifier>
    </Filter>
    <Filter Include="include">
      <UniqueIdentifier>{EBFF9202-D712-95C2-78A5-A4295ED095B4}</UniqueIdentifier>
    </Filter>
    <Filter Include="include">
      <UniqueIdentifier>{EBFF9202-D712-95C2-78A5-A4295ED095B4}</UniqueIdentifier>
    </Filter>
    <Filter Include="include">
      <UniqueIdentifier>{EBFF9202-D712-95C2-78A5-A4295ED095B4}</UniqueIdentifier>
    </Filter>
    <Filter Include="include">
      <UniqueIdentifier>{EBFF9202-D712-95C2-78A5-A4295ED095B4}</UniqueIdentifier>
    </Filter>
    <Filter Include="include">
      <UniqueIdentifier>{EBFF9202-D712-95C2-78A5-A4295ED095B4}</UniqueIdentifier>
    </Filter>
    <Filter Include="include">
      <UniqueIdentifier>{EBFF9202-D712-95C2-78A5-A4295ED095B4}</UniqueIdentifier>
    </Filter>
    <Filter Include="include">
      <UniqueIdentifier>{EBFF9202-D712-95C2-78A5-A4295ED095B4}</UniqueIdentifier>
    </Filter>
    <Filter Include="include">
      <UniqueIdentifier>{EBFF9202-D712-95C2-78A5-A4295ED095B4}</UniqueIdentifier>
    </Filter>
    <Filter Include="include">
      <UniqueIdentifier>{EBFF9202-D712-95C2-78A5-A4295ED095B4}</UniqueIdentifier>
    </Filter>
    <Filter Include="include">
      <UniqueIdentifier>{EBFF9202-D712-95C2-78A5-A4295ED095B4}</UniqueIdentifier>
    </Filter>
    <Filter Include="include">
      <UniqueIdentifier>{EBFF9202-D712-95C2-78A5-A4295ED095B4}</UniqueIdentifier>
    </Filter>
    <Filter Include="include">
      <UniqueIdentifier>{EBFF9202-D712-95C2-78A5-A4295ED095B4}</UniqueIdentifier>
    </Filter>
    <Filter Include="include">
      <UniqueIdentifier>{EBFF9202-D712-95C2-78A5-A4295ED095B4}</UniqueIdentifier>
    </Filter>
    <Filter Include="include">
      <UniqueIdentifier>{EBFF9202-D712-95C2-78A5-A4295ED095B4}</UniqueIdentifier>
    </Filter>
    <Filter Include="include">
      <UniqueIdentifier>{EBFF9202-D712-95C2-78A5-A4295ED095B4}</UniqueIdentifier>
    </Filter>
    <Filter Include="include">
      <UniqueIdentifier>{EBFF9202-D712-95C2-78A5-A4295ED095B4}</UniqueIdentifier>
    </Filter>
    <Filter Include="include">
      <UniqueIdentifier>{EBFF9202-D712-95C2-78A5-A4295ED095B4}</UniqueIdentifier>
    </Filter>
    <Filter Include="include">
      <UniqueIdentifier>{EBFF9202-D712-95C2-78A5-A4295ED095B4}</UniqueIdentifier>
    </Filter>
    <Filter Include="include">
      <UniqueIdentifier>{EBFF9202-D712-95C2-78A5-A4295ED095B4}</UniqueIdentifier>
    </Filter>
    <Filter Include="include">
      <UniqueIdentifier>{EBFF9202-D712-95C2-78A5-A4295ED095B4}</UniqueIdentifier>
    </Filter>
    <Filter Include="include">
      <UniqueIdentifier>{EBFF9202-D712-95C2-78A5-A4295ED095B4}</UniqueIdentifier>
    </Filter>
    <Filter Include="include">
      <UniqueIdentifier>{EBFF9202-D712-95C2-78A5-A4295ED095B4}</UniqueIdentifier>
    </Filter>
  </ItemGroup>
  <ItemGroup>
    <ClCompile Include="xpr\xpr_atomic_win.cpp">
      <Filter>xpr</Filter>
    </ClCompile>
    <ClCompile Include="xpr\xpr_char.cpp">
      <Filter>xpr</Filter>
    </ClCompile>
    <ClCompile Include="xpr\xpr_char_set.cpp">
      <Filter>xpr</Filter>
    </ClCompile>
    <ClCompile Include="xpr\xpr_cstr.cpp">
      <Filter>xpr</Filter>
    </ClCompile>
    <ClCompile Include="xpr\xpr_debug_win.cpp">
      <Filter>xpr</Filter>
    </ClCompile>
    <ClCompile Include="xpr\xpr_dllmain_win.cpp">
      <Filter>xpr</Filter>
    </ClCompile>
    <ClCompile Include="xpr\xpr_env.cpp">
      <Filter>xpr</Filter>
    </ClCompile>
    <ClCompile Include="xpr\xpr_file_io_win.cpp">
      <Filter>xpr</Filter>
    </ClCompile>
    <ClCompile Include="xpr\xpr_file_path_win.cpp">
      <Filter>xpr</Filter>
    </ClCompile>
    <ClCompile Include="xpr\xpr_file_sys_win.cpp">
      <Filter>xpr</Filter>
    </ClCompile>
    <ClCompile Include="xpr\xpr_guid.cpp">
      <Filter>xpr</Filter>
    </ClCompile>
    <ClCompile Include="xpr\xpr_hash.cpp">
      <Filter>xpr</Filter>
    </ClCompile>
    <ClInclude Include="xpr\xpr_hash_internal.h">
      <Filter>xpr</Filter>
    </ClInclude>
    <ClCompile Include="xpr\xpr_hash_knuth_multiplicative.cpp">
      <Filter>xpr</Filter>
    </ClCompile>
    <ClInclude Include="xpr\xpr_hash_knuth_multiplicative.h">
      <Filter>xpr</Filter>
    </ClInclude>
    <ClCompile Include="xpr\xpr_hash_pseudo_randomizing.cpp">
      <Filter>xpr</Filter>
    </ClCompile>
    <ClInclude Include="xpr\xpr_hash_pseudo_randomizing.h">
      <Filter>xpr</Filter>
    </ClInclude>
    <ClCompile Include="xpr\xpr_init.cpp">
      <Filter>xpr</Filter>
    </ClCompile>
    <ClCompile Include="xpr\xpr_lazy_library_load_win.cpp">
      <Filter>xpr</Filter>
    </ClCompile>
    <ClInclude Include="xpr\xpr_lazy_library_load.h">
      <Filter>xpr</Filter>
    </ClInclude>
    <ClCompile Include="xpr\xpr_memory.cpp">
      <Filter>xpr</Filter>
    </ClCompile>
    <ClCompile Include="xpr\xpr_process_sync_win.cpp">
      <Filter>xpr</Filter>
    </ClCompile>
    <ClCompile Include="xpr\xpr_process_win.cpp">
      <Filter>xpr</Filter>
    </ClCompile>
    <ClCompile Include="xpr\xpr_rcode.cpp">
      <Filter>xpr</Filter>
    </ClCompile>
    <ClCompile Include="xpr\xpr_shm_win.cpp">
      <Filter>xpr</Filter>
    </ClCompile>
    <ClCompile Include="xpr\xpr_string.cpp">
      <Filter>xpr</Filter>
    </ClCompile>
    <ClCompile Include="xpr\xpr_string_iterator.cpp">
      <Filter>xpr</Filter>
    </ClCompile>
    <ClCompile Include="xpr\xpr_string_tokenizer.cpp">
      <Filter>xpr</Filter>
    </ClCompile>
    <ClCompile Include="xpr\xpr_system_win.cpp">
      <Filter>xpr</Filter>
    </ClCompile>
    <ClCompile Include="xpr\xpr_text_file_io.cpp">
      <Filter>xpr</Filter>
    </ClCompile>
    <ClCompile Include="xpr\xpr_mutex_win.cpp">
      <Filter>xpr</Filter>
    </ClCompile>
    <ClCompile Include="xpr\xpr_thread_win.cpp">
      <Filter>xpr</Filter>
    </ClCompile>
    <ClCompile Include="xpr\xpr_time_win.cpp">
      <Filter>xpr</Filter>
    </ClCompile>
    <ClCompile Include="xpr\xpr_trace_logger.cpp">
      <Filter>xpr</Filter>
    </ClCompile>
    <ClCompile Include="xpr\xpr_ustring.cpp">
      <Filter>xpr</Filter>
    </ClCompile>
    <ClCompile Include="xpr\xpr_ver.cpp">
      <Filter>xpr</Filter>
    </ClCompile>
    <ClCompile Include="xpr\xpr_xml.cpp">
      <Filter>xpr</Filter>
    </ClCompile>
    <ClInclude Include="include\xpr.h">
      <Filter>include</Filter>
    </ClInclude>
    <ClInclude Include="include\xpr_atomic.h">
      <Filter>include</Filter>
    </ClInclude>
    <ClInclude Include="include\xpr_bit.h">
      <Filter>include</Filter>
    </ClInclude>
    <ClInclude Include="include\xpr_buffer.h">
      <Filter>include</Filter>
    </ClInclude>
    <ClInclude Include="include\xpr_char.h">
      <Filter>include</Filter>
    </ClInclude>
    <ClInclude Include="include\xpr_char_set.h">
      <Filter>include</Filter>
    </ClInclude>
    <ClInclude Include="include\xpr_config.h">
      <Filter>include</Filter>
    </ClInclude>
    <ClInclude Include="include\xpr_config_win.h">
      <Filter>include</Filter>
    </ClInclude>
    <ClInclude Include="include\xpr_cond_variable.h">
      <Filter>include</Filter>
    </ClInclude>
    <ClInclude Include="include\xpr_cstr.h">
      <Filter>include</Filter>
    </ClInclude>
    <ClInclude Include="include\xpr_debug.h">
      <Filter>include</Filter>
    </ClInclude>
    <ClInclude Include="include\xpr_define.h">
      <Filter>include</Filter>
    </ClInclude>
    <ClInclude Include="include\xpr_dlsym.h">
      <Filter>include</Filter>
    </ClInclude>
    <ClInclude Include="include\xpr_endian.h">
      <Filter>include</Filter>
    </ClInclude>
    <ClInclude Include="include\xpr_env.h">
      <Filter>include</Filter>
    </ClInclude>
    <ClInclude Include="include\xpr_file_io.h">
      <Filter>include</Filter>
    </ClInclude>
    <ClInclude Include="include\xpr_file_path.h">
      <Filter>include</Filter>
    </ClInclude>
    <ClInclude Include="include\xpr_file_sys.h">
      <Filter>include</Filter>
    </ClInclude>
    <ClInclude Include="include\xpr_guid.h">
      <Filter>include</Filter>
    </ClInclude>
    <ClInclude Include="include\xpr_hash.h">
      <Filter>include</Filter>
    </ClInclude>
    <ClInclude Include="include\xpr_init.h">
      <Filter>include</Filter>
    </ClInclude>
    <ClInclude Include="include\xpr_math.h">
      <Filter>include</Filter>
    </ClInclude>
    <ClInclude Include="include\xpr_memory.h">
      <Filter>include</Filter>
    </ClInclude>
    <ClInclude Include="include\xpr_memory_barrier.h">
      <Filter>include</Filter>
    </ClInclude>
    <ClInclude Include="include\xpr_net_io.h">
      <Filter>include</Filter>
    </ClInclude>
    <ClInclude Include="include\xpr_process.h">
      <Filter>include</Filter>
    </ClInclude>
    <ClInclude Include="include\xpr_process_sync.h">
      <Filter>include</Filter>
    </ClInclude>
    <ClInclude Include="include\xpr_rcode.h">
      <Filter>include</Filter>
    </ClInclude>
    <ClInclude Include="include\xpr_rw_lock.h">
      <Filter>include</Filter>
    </ClInclude>
    <ClInclude Include="include\xpr_scoped_ptr.h">
      <Filter>include</Filter>
    </ClInclude>
    <ClInclude Include="include\xpr_shm.h">
      <Filter>include</Filter>
    </ClInclude>
    <ClInclude Include="include\xpr_spin_lock.h">
      <Filter>include</Filter>
    </ClInclude>
    <ClInclude Include="include\xpr_std.h">
      <Filter>include</Filter>
    </ClInclude>
    <ClInclude Include="include\xpr_string.h">
      <Filter>include</Filter>
    </ClInclude>
    <ClInclude Include="include\xpr_string_iterator.h">
      <Filter>include</Filter>
    </ClInclude>
    <ClInclude Include="include\xpr_string_tokenizer.h">
      <Filter>include</Filter>
    </ClInclude>
    <ClInclude Include="include\xpr_system.h">
      <Filter>include</Filter>
    </ClInclude>
    <ClInclude Include="include\xpr_tchar.h">
      <Filter>include</Filter>
    </ClInclude>
    <ClInclude Include="include\xpr_text_file_io.h">
      <Filter>include</Filter>
    </ClInclude>
    <ClInclude Include="include\xpr_thread.h">
      <Filter>include</Filter>
    </ClInclude>
    <ClInclude Include="include\xpr_time.h">
      <Filter>include</Filter>
    </ClInclude>
    <ClInclude Include="include\xpr_trace_logger.h">
      <Filter>include</Filter>
    </ClInclude>
    <ClInclude Include="include\xpr_types.h">
      <Filter>include</Filter>
    </ClInclude>
    <ClInclude Include="include\xpr_uri.h">
      <Filter>include</Filter>
    </ClInclude>
    <ClInclude Include="include\xpr_ustring.h">
      <Filter>include</Filter>
    </ClInclude>
    <ClInclude Include="include\xpr_ver.h">
      <Filter>include</Filter>
    </ClInclude>
    <ClInclude Include="include\xpr_xml.h">
      <Filter>include</Filter>
    </ClInclude>
    <None Include="xpr.gyp"/>
  </ItemGroup>
</Project>
