<?xml version="1.0" encoding="utf-8"?>
<Project ToolsVersion="17.0" xmlns="http://schemas.microsoft.com/developer/msbuild/2003">
  <ItemGroup>
    <ClCompile Include="Z:\build_cmake\src\fxfile-crash\CMakeFiles\fxfile-crash.dir\cmake_pch.cxx">
      <Filter>Source Files</Filter>
    </ClCompile>
    <ClCompile Include="Z:\src\fxfile-crash\AboutDlg.cpp">
      <Filter>Source Files</Filter>
    </ClCompile>
    <ClCompile Include="Z:\src\fxfile-crash\AnimProgressBar.cpp">
      <Filter>Source Files</Filter>
    </ClCompile>
    <ClCompile Include="Z:\src\fxfile-crash\AssemblyInfo.cpp">
      <Filter>Source Files</Filter>
    </ClCompile>
    <ClCompile Include="Z:\src\fxfile-crash\BugTrap.cpp">
      <Filter>Source Files</Filter>
    </ClCompile>
    <ClCompile Include="Z:\src\fxfile-crash\BugTrapNet.cpp">
      <Filter>Source Files</Filter>
    </ClCompile>
    <ClCompile Include="Z:\src\fxfile-crash\BugTrapUI.cpp">
      <Filter>Source Files</Filter>
    </ClCompile>
    <ClCompile Include="Z:\src\fxfile-crash\BugTrapUtils.cpp">
      <Filter>Source Files</Filter>
    </ClCompile>
    <ClCompile Include="Z:\src\fxfile-crash\CMapi.cpp">
      <Filter>Source Files</Filter>
    </ClCompile>
    <ClCompile Include="Z:\src\fxfile-crash\ColHelper.cpp">
      <Filter>Source Files</Filter>
    </ClCompile>
    <ClCompile Include="Z:\src\fxfile-crash\DescribeErrorDlg.cpp">
      <Filter>Source Files</Filter>
    </ClCompile>
    <ClCompile Include="Z:\src\fxfile-crash\Encoding.cpp">
      <Filter>Source Files</Filter>
    </ClCompile>
    <ClCompile Include="Z:\src\fxfile-crash\EnumProcess.cpp">
      <Filter>Source Files</Filter>
    </ClCompile>
    <ClCompile Include="Z:\src\fxfile-crash\FileStream.cpp">
      <Filter>Source Files</Filter>
    </ClCompile>
    <ClCompile Include="Z:\src\fxfile-crash\Globals.cpp">
      <Filter>Source Files</Filter>
    </ClCompile>
    <ClCompile Include="Z:\src\fxfile-crash\HexView.cpp">
      <Filter>Source Files</Filter>
    </ClCompile>
    <ClCompile Include="Z:\src\fxfile-crash\HyperLink.cpp">
      <Filter>Source Files</Filter>
    </ClCompile>
    <ClCompile Include="Z:\src\fxfile-crash\ImageView.cpp">
      <Filter>Source Files</Filter>
    </ClCompile>
    <ClCompile Include="Z:\src\fxfile-crash\InMemLogFile.cpp">
      <Filter>Source Files</Filter>
    </ClCompile>
    <ClCompile Include="Z:\src\fxfile-crash\InputStream.cpp">
      <Filter>Source Files</Filter>
    </ClCompile>
    <ClCompile Include="Z:\src\fxfile-crash\LayoutManager.cpp">
      <Filter>Source Files</Filter>
    </ClCompile>
    <ClCompile Include="Z:\src\fxfile-crash\LogFile.cpp">
      <Filter>Source Files</Filter>
    </ClCompile>
    <ClCompile Include="Z:\src\fxfile-crash\LogStream.cpp">
      <Filter>Source Files</Filter>
    </ClCompile>
    <ClCompile Include="Z:\src\fxfile-crash\MachineInfoDlg.cpp">
      <Filter>Source Files</Filter>
    </ClCompile>
    <ClCompile Include="Z:\src\fxfile-crash\MachineStateDlg.cpp">
      <Filter>Source Files</Filter>
    </ClCompile>
    <ClCompile Include="Z:\src\fxfile-crash\MainDlg.cpp">
      <Filter>Source Files</Filter>
    </ClCompile>
    <ClCompile Include="Z:\src\fxfile-crash\MemStream.cpp">
      <Filter>Source Files</Filter>
    </ClCompile>
    <ClCompile Include="Z:\src\fxfile-crash\ModuleImportTable.cpp">
      <Filter>Source Files</Filter>
    </ClCompile>
    <ClCompile Include="Z:\src\fxfile-crash\NetThunks.cpp">
      <Filter>Source Files</Filter>
    </ClCompile>
    <ClCompile Include="Z:\src\fxfile-crash\OutputStream.cpp">
      <Filter>Source Files</Filter>
    </ClCompile>
    <ClCompile Include="Z:\src\fxfile-crash\PreviewDlg.cpp">
      <Filter>Source Files</Filter>
    </ClCompile>
    <ClCompile Include="Z:\src\fxfile-crash\ResManager.cpp">
      <Filter>Source Files</Filter>
    </ClCompile>
    <ClCompile Include="Z:\src\fxfile-crash\SendMailDlg.cpp">
      <Filter>Source Files</Filter>
    </ClCompile>
    <ClCompile Include="Z:\src\fxfile-crash\SimpleDlg.cpp">
      <Filter>Source Files</Filter>
    </ClCompile>
    <ClCompile Include="Z:\src\fxfile-crash\Splitter.cpp">
      <Filter>Source Files</Filter>
    </ClCompile>
    <ClCompile Include="Z:\src\fxfile-crash\StdAfx.cpp">
      <Filter>Source Files</Filter>
    </ClCompile>
    <ClCompile Include="Z:\src\fxfile-crash\StrHolder.cpp">
      <Filter>Source Files</Filter>
    </ClCompile>
    <ClCompile Include="Z:\src\fxfile-crash\StrStream.cpp">
      <Filter>Source Files</Filter>
    </ClCompile>
    <ClCompile Include="Z:\src\fxfile-crash\SymEngine.cpp">
      <Filter>Source Files</Filter>
    </ClCompile>
    <ClCompile Include="Z:\src\fxfile-crash\SymEngineNet.cpp">
      <Filter>Source Files</Filter>
    </ClCompile>
    <ClCompile Include="Z:\src\fxfile-crash\TextFormat.cpp">
      <Filter>Source Files</Filter>
    </ClCompile>
    <ClCompile Include="Z:\src\fxfile-crash\TextLogFile.cpp">
      <Filter>Source Files</Filter>
    </ClCompile>
    <ClCompile Include="Z:\src\fxfile-crash\TextView.cpp">
      <Filter>Source Files</Filter>
    </ClCompile>
    <ClCompile Include="Z:\src\fxfile-crash\ThemeXP.cpp">
      <Filter>Source Files</Filter>
    </ClCompile>
    <ClCompile Include="Z:\src\fxfile-crash\TransferProgressDlg.cpp">
      <Filter>Source Files</Filter>
    </ClCompile>
    <ClCompile Include="Z:\src\fxfile-crash\WaitCursor.cpp">
      <Filter>Source Files</Filter>
    </ClCompile>
    <ClCompile Include="Z:\src\fxfile-crash\WaitDlg.cpp">
      <Filter>Source Files</Filter>
    </ClCompile>
    <ClCompile Include="Z:\src\fxfile-crash\XmlLogFile.cpp">
      <Filter>Source Files</Filter>
    </ClCompile>
    <ClCompile Include="Z:\src\fxfile-crash\XmlReader.cpp">
      <Filter>Source Files</Filter>
    </ClCompile>
    <ClCompile Include="Z:\src\fxfile-crash\XmlWriter.cpp">
      <Filter>Source Files</Filter>
    </ClCompile>
  </ItemGroup>
  <ItemGroup>
    <ClInclude Include="Z:\src\fxfile-crash\AboutDlg.h">
      <Filter>Header Files</Filter>
    </ClInclude>
    <ClInclude Include="Z:\src\fxfile-crash\AnimProgressBar.h">
      <Filter>Header Files</Filter>
    </ClInclude>
    <ClInclude Include="Z:\src\fxfile-crash\Array.h">
      <Filter>Header Files</Filter>
    </ClInclude>
    <ClInclude Include="Z:\src\fxfile-crash\BTAtlWindow.h">
      <Filter>Header Files</Filter>
    </ClInclude>
    <ClInclude Include="Z:\src\fxfile-crash\BTMfcWindow.h">
      <Filter>Header Files</Filter>
    </ClInclude>
    <ClInclude Include="Z:\src\fxfile-crash\BTTrace.h">
      <Filter>Header Files</Filter>
    </ClInclude>
    <ClInclude Include="Z:\src\fxfile-crash\BaseStream.h">
      <Filter>Header Files</Filter>
    </ClInclude>
    <ClInclude Include="Z:\src\fxfile-crash\Buffer.h">
      <Filter>Header Files</Filter>
    </ClInclude>
    <ClInclude Include="Z:\src\fxfile-crash\BugTrap.h">
      <Filter>Header Files</Filter>
    </ClInclude>
    <ClInclude Include="Z:\src\fxfile-crash\BugTrapNet.h">
      <Filter>Header Files</Filter>
    </ClInclude>
    <ClInclude Include="Z:\src\fxfile-crash\BugTrapUI.h">
      <Filter>Header Files</Filter>
    </ClInclude>
    <ClInclude Include="Z:\src\fxfile-crash\BugTrapUtils.h">
      <Filter>Header Files</Filter>
    </ClInclude>
    <ClInclude Include="Z:\src\fxfile-crash\CMapi.h">
      <Filter>Header Files</Filter>
    </ClInclude>
    <ClInclude Include="Z:\src\fxfile-crash\ColHelper.h">
      <Filter>Header Files</Filter>
    </ClInclude>
    <ClInclude Include="Z:\src\fxfile-crash\DescribeErrorDlg.h">
      <Filter>Header Files</Filter>
    </ClInclude>
    <ClInclude Include="Z:\src\fxfile-crash\Encoding.h">
      <Filter>Header Files</Filter>
    </ClInclude>
    <ClInclude Include="Z:\src\fxfile-crash\EnumProcess.h">
      <Filter>Header Files</Filter>
    </ClInclude>
    <ClInclude Include="Z:\src\fxfile-crash\FileStream.h">
      <Filter>Header Files</Filter>
    </ClInclude>
    <ClInclude Include="Z:\src\fxfile-crash\Globals.h">
      <Filter>Header Files</Filter>
    </ClInclude>
    <ClInclude Include="Z:\src\fxfile-crash\Hash.h">
      <Filter>Header Files</Filter>
    </ClInclude>
    <ClInclude Include="Z:\src\fxfile-crash\HexView.h">
      <Filter>Header Files</Filter>
    </ClInclude>
    <ClInclude Include="Z:\src\fxfile-crash\HyperLink.h">
      <Filter>Header Files</Filter>
    </ClInclude>
    <ClInclude Include="Z:\src\fxfile-crash\ImageView.h">
      <Filter>Header Files</Filter>
    </ClInclude>
    <ClInclude Include="Z:\src\fxfile-crash\InMemLogFile.h">
      <Filter>Header Files</Filter>
    </ClInclude>
    <ClInclude Include="Z:\src\fxfile-crash\InPlaceNew.h">
      <Filter>Header Files</Filter>
    </ClInclude>
    <ClInclude Include="Z:\src\fxfile-crash\InputStream.h">
      <Filter>Header Files</Filter>
    </ClInclude>
    <ClInclude Include="Z:\src\fxfile-crash\InterfacePtr.h">
      <Filter>Header Files</Filter>
    </ClInclude>
    <ClInclude Include="Z:\src\fxfile-crash\LayoutManager.h">
      <Filter>Header Files</Filter>
    </ClInclude>
    <ClInclude Include="Z:\src\fxfile-crash\LeakWatcher.h">
      <Filter>Header Files</Filter>
    </ClInclude>
    <ClInclude Include="Z:\src\fxfile-crash\List.h">
      <Filter>Header Files</Filter>
    </ClInclude>
    <ClInclude Include="Z:\src\fxfile-crash\LogFile.h">
      <Filter>Header Files</Filter>
    </ClInclude>
    <ClInclude Include="Z:\src\fxfile-crash\LogLink.h">
      <Filter>Header Files</Filter>
    </ClInclude>
    <ClInclude Include="Z:\src\fxfile-crash\LogStream.h">
      <Filter>Header Files</Filter>
    </ClInclude>
    <ClInclude Include="Z:\src\fxfile-crash\MachineInfoDlg.h">
      <Filter>Header Files</Filter>
    </ClInclude>
    <ClInclude Include="Z:\src\fxfile-crash\MachineStateDlg.h">
      <Filter>Header Files</Filter>
    </ClInclude>
    <ClInclude Include="Z:\src\fxfile-crash\MainDlg.h">
      <Filter>Header Files</Filter>
    </ClInclude>
    <ClInclude Include="Z:\src\fxfile-crash\MemStream.h">
      <Filter>Header Files</Filter>
    </ClInclude>
    <ClInclude Include="Z:\src\fxfile-crash\ModuleImportTable.h">
      <Filter>Header Files</Filter>
    </ClInclude>
    <ClInclude Include="Z:\src\fxfile-crash\NetThunks.h">
      <Filter>Header Files</Filter>
    </ClInclude>
    <ClInclude Include="Z:\src\fxfile-crash\OutputStream.h">
      <Filter>Header Files</Filter>
    </ClInclude>
    <ClInclude Include="Z:\src\fxfile-crash\PreviewDlg.h">
      <Filter>Header Files</Filter>
    </ClInclude>
    <ClInclude Include="Z:\src\fxfile-crash\ResManager.h">
      <Filter>Header Files</Filter>
    </ClInclude>
    <ClInclude Include="Z:\src\fxfile-crash\SendMailDlg.h">
      <Filter>Header Files</Filter>
    </ClInclude>
    <ClInclude Include="Z:\src\fxfile-crash\SimpleDlg.h">
      <Filter>Header Files</Filter>
    </ClInclude>
    <ClInclude Include="Z:\src\fxfile-crash\SmartPtr.h">
      <Filter>Header Files</Filter>
    </ClInclude>
    <ClInclude Include="Z:\src\fxfile-crash\Splitter.h">
      <Filter>Header Files</Filter>
    </ClInclude>
    <ClInclude Include="Z:\src\fxfile-crash\StdAfx.h">
      <Filter>Header Files</Filter>
    </ClInclude>
    <ClInclude Include="Z:\src\fxfile-crash\StrHolder.h">
      <Filter>Header Files</Filter>
    </ClInclude>
    <ClInclude Include="Z:\src\fxfile-crash\StrStream.h">
      <Filter>Header Files</Filter>
    </ClInclude>
    <ClInclude Include="Z:\src\fxfile-crash\Stream.h">
      <Filter>Header Files</Filter>
    </ClInclude>
    <ClInclude Include="Z:\src\fxfile-crash\SymEngine.h">
      <Filter>Header Files</Filter>
    </ClInclude>
    <ClInclude Include="Z:\src\fxfile-crash\SymEngineNet.h">
      <Filter>Header Files</Filter>
    </ClInclude>
    <ClInclude Include="Z:\src\fxfile-crash\TextFormat.h">
      <Filter>Header Files</Filter>
    </ClInclude>
    <ClInclude Include="Z:\src\fxfile-crash\TextLogFile.h">
      <Filter>Header Files</Filter>
    </ClInclude>
    <ClInclude Include="Z:\src\fxfile-crash\TextView.h">
      <Filter>Header Files</Filter>
    </ClInclude>
    <ClInclude Include="Z:\src\fxfile-crash\ThemeXP.h">
      <Filter>Header Files</Filter>
    </ClInclude>
    <ClInclude Include="Z:\src\fxfile-crash\TransferProgressDlg.h">
      <Filter>Header Files</Filter>
    </ClInclude>
    <ClInclude Include="Z:\src\fxfile-crash\VersionInfo.h">
      <Filter>Header Files</Filter>
    </ClInclude>
    <ClInclude Include="Z:\src\fxfile-crash\WaitCursor.h">
      <Filter>Header Files</Filter>
    </ClInclude>
    <ClInclude Include="Z:\src\fxfile-crash\WaitDlg.h">
      <Filter>Header Files</Filter>
    </ClInclude>
    <ClInclude Include="Z:\src\fxfile-crash\XmlLogFile.h">
      <Filter>Header Files</Filter>
    </ClInclude>
    <ClInclude Include="Z:\src\fxfile-crash\XmlReader.h">
      <Filter>Header Files</Filter>
    </ClInclude>
    <ClInclude Include="Z:\src\fxfile-crash\XmlWriter.h">
      <Filter>Header Files</Filter>
    </ClInclude>
    <ClInclude Include="Z:\src\fxfile-crash\fxfile-crash.h">
      <Filter>Header Files</Filter>
    </ClInclude>
    <ClInclude Include="Z:\src\fxfile-crash\resource.h">
      <Filter>Header Files</Filter>
    </ClInclude>
    <ClInclude Include="Z:\build_cmake\src\fxfile-crash\CMakeFiles\fxfile-crash.dir\Debug\cmake_pch.hxx">
      <Filter>Precompile Header File</Filter>
    </ClInclude>
    <ClInclude Include="Z:\build_cmake\src\fxfile-crash\CMakeFiles\fxfile-crash.dir\Release\cmake_pch.hxx">
      <Filter>Precompile Header File</Filter>
    </ClInclude>
    <ClInclude Include="Z:\build_cmake\src\fxfile-crash\CMakeFiles\fxfile-crash.dir\MinSizeRel\cmake_pch.hxx">
      <Filter>Precompile Header File</Filter>
    </ClInclude>
    <ClInclude Include="Z:\build_cmake\src\fxfile-crash\CMakeFiles\fxfile-crash.dir\RelWithDebInfo\cmake_pch.hxx">
      <Filter>Precompile Header File</Filter>
    </ClInclude>
  </ItemGroup>
  <ItemGroup>
    <CustomBuild Include="Z:\src\fxfile-crash\CMakeLists.txt" />
  </ItemGroup>
  <ItemGroup>
    <None Include="Z:\src\fxfile-crash\BugTrap.def">
      <Filter>Source Files</Filter>
    </None>
  </ItemGroup>
  <ItemGroup>
    <ResourceCompile Include="Z:\src\fxfile-crash\BugTrap.rc">
      <Filter>Source Files</Filter>
    </ResourceCompile>
  </ItemGroup>
  <ItemGroup>
    <Filter Include="Header Files">
      <UniqueIdentifier>{ACA06605-2645-3A35-AACD-0CB75A54420A}</UniqueIdentifier>
    </Filter>
    <Filter Include="Precompile Header File">
      <UniqueIdentifier>{304CFCE4-4393-3E36-90E5-D09ECC501163}</UniqueIdentifier>
    </Filter>
    <Filter Include="Source Files">
      <UniqueIdentifier>{68AEEC33-EF37-3E43-A194-36CBE259AA84}</UniqueIdentifier>
    </Filter>
  </ItemGroup>
</Project>
