
Microsoft Visual Studio Solution File, Format Version 12.00
# Visual Studio Version 17
Project("{8BC9CEB8-8B4A-11D0-8D11-00A0C91BC942}") = "ALL_BUILD", "ALL_BUILD.vcxproj", "{82808AF0-F4AC-3322-A3F1-A34669E0A628}"
	ProjectSection(ProjectDependencies) = postProject
		{58B2DFA4-BA6C-3FA6-889A-6DAE2D7FCF4B} = {58B2DFA4-BA6C-3FA6-889A-6DAE2D7FCF4B}
		{AEB75753-F244-3485-A0EC-5C0C2180914C} = {AEB75753-F244-3485-A0EC-5C0C2180914C}
	EndProjectSection
EndProject
Project("{8BC9CEB8-8B4A-11D0-8D11-00A0C91BC942}") = "ZERO_CHECK", "..\..\ZERO_CHECK.vcxproj", "{58B2DFA4-BA6C-3FA6-889A-6DAE2D7FCF4B}"
	ProjectSection(ProjectDependencies) = postProject
	EndProjectSection
EndProject
Project("{8BC9CEB8-8B4A-11D0-8D11-00A0C91BC942}") = "base", "..\base\base.vcxproj", "{44C2E70B-5F22-3920-897A-50D56BAB78BD}"
	ProjectSection(ProjectDependencies) = postProject
		{58B2DFA4-BA6C-3FA6-889A-6DAE2D7FCF4B} = {58B2DFA4-BA6C-3FA6-889A-6DAE2D7FCF4B}
	EndProjectSection
EndProject
Project("{8BC9CEB8-8B4A-11D0-8D11-00A0C91BC942}") = "fxfile", "fxfile.vcxproj", "{AEB75753-F244-3485-A0EC-5C0C2180914C}"
	ProjectSection(ProjectDependencies) = postProject
		{58B2DFA4-BA6C-3FA6-889A-6DAE2D7FCF4B} = {58B2DFA4-BA6C-3FA6-889A-6DAE2D7FCF4B}
		{44C2E70B-5F22-3920-897A-50D56BAB78BD} = {44C2E70B-5F22-3920-897A-50D56BAB78BD}
		{D45FC146-F33F-371A-9193-01F9F7E0E840} = {D45FC146-F33F-371A-9193-01F9F7E0E840}
		{C01D2FA7-1DE2-32A4-91C5-A04F455D4D71} = {C01D2FA7-1DE2-32A4-91C5-A04F455D4D71}
	EndProjectSection
EndProject
Project("{8BC9CEB8-8B4A-11D0-8D11-00A0C91BC942}") = "fxfile-crash", "..\fxfile-crash\fxfile-crash.vcxproj", "{D45FC146-F33F-371A-9193-01F9F7E0E840}"
	ProjectSection(ProjectDependencies) = postProject
		{58B2DFA4-BA6C-3FA6-889A-6DAE2D7FCF4B} = {58B2DFA4-BA6C-3FA6-889A-6DAE2D7FCF4B}
	EndProjectSection
EndProject
Project("{8BC9CEB8-8B4A-11D0-8D11-00A0C91BC942}") = "xpr", "..\xpr\xpr.vcxproj", "{C01D2FA7-1DE2-32A4-91C5-A04F455D4D71}"
	ProjectSection(ProjectDependencies) = postProject
		{58B2DFA4-BA6C-3FA6-889A-6DAE2D7FCF4B} = {58B2DFA4-BA6C-3FA6-889A-6DAE2D7FCF4B}
	EndProjectSection
EndProject
Global
	GlobalSection(SolutionConfigurationPlatforms) = preSolution
		Debug|Win32 = Debug|Win32
		Release|Win32 = Release|Win32
		MinSizeRel|Win32 = MinSizeRel|Win32
		RelWithDebInfo|Win32 = RelWithDebInfo|Win32
	EndGlobalSection
	GlobalSection(ProjectConfigurationPlatforms) = postSolution
		{82808AF0-F4AC-3322-A3F1-A34669E0A628}.Debug|Win32.ActiveCfg = Debug|Win32
		{82808AF0-F4AC-3322-A3F1-A34669E0A628}.Release|Win32.ActiveCfg = Release|Win32
		{82808AF0-F4AC-3322-A3F1-A34669E0A628}.MinSizeRel|Win32.ActiveCfg = MinSizeRel|Win32
		{82808AF0-F4AC-3322-A3F1-A34669E0A628}.RelWithDebInfo|Win32.ActiveCfg = RelWithDebInfo|Win32
		{58B2DFA4-BA6C-3FA6-889A-6DAE2D7FCF4B}.Debug|Win32.ActiveCfg = Debug|Win32
		{58B2DFA4-BA6C-3FA6-889A-6DAE2D7FCF4B}.Debug|Win32.Build.0 = Debug|Win32
		{58B2DFA4-BA6C-3FA6-889A-6DAE2D7FCF4B}.Release|Win32.ActiveCfg = Release|Win32
		{58B2DFA4-BA6C-3FA6-889A-6DAE2D7FCF4B}.Release|Win32.Build.0 = Release|Win32
		{58B2DFA4-BA6C-3FA6-889A-6DAE2D7FCF4B}.MinSizeRel|Win32.ActiveCfg = MinSizeRel|Win32
		{58B2DFA4-BA6C-3FA6-889A-6DAE2D7FCF4B}.MinSizeRel|Win32.Build.0 = MinSizeRel|Win32
		{58B2DFA4-BA6C-3FA6-889A-6DAE2D7FCF4B}.RelWithDebInfo|Win32.ActiveCfg = RelWithDebInfo|Win32
		{58B2DFA4-BA6C-3FA6-889A-6DAE2D7FCF4B}.RelWithDebInfo|Win32.Build.0 = RelWithDebInfo|Win32
		{44C2E70B-5F22-3920-897A-50D56BAB78BD}.Debug|Win32.ActiveCfg = Debug|Win32
		{44C2E70B-5F22-3920-897A-50D56BAB78BD}.Debug|Win32.Build.0 = Debug|Win32
		{44C2E70B-5F22-3920-897A-50D56BAB78BD}.Release|Win32.ActiveCfg = Release|Win32
		{44C2E70B-5F22-3920-897A-50D56BAB78BD}.Release|Win32.Build.0 = Release|Win32
		{44C2E70B-5F22-3920-897A-50D56BAB78BD}.MinSizeRel|Win32.ActiveCfg = MinSizeRel|Win32
		{44C2E70B-5F22-3920-897A-50D56BAB78BD}.MinSizeRel|Win32.Build.0 = MinSizeRel|Win32
		{44C2E70B-5F22-3920-897A-50D56BAB78BD}.RelWithDebInfo|Win32.ActiveCfg = RelWithDebInfo|Win32
		{44C2E70B-5F22-3920-897A-50D56BAB78BD}.RelWithDebInfo|Win32.Build.0 = RelWithDebInfo|Win32
		{AEB75753-F244-3485-A0EC-5C0C2180914C}.Debug|Win32.ActiveCfg = Debug|Win32
		{AEB75753-F244-3485-A0EC-5C0C2180914C}.Debug|Win32.Build.0 = Debug|Win32
		{AEB75753-F244-3485-A0EC-5C0C2180914C}.Release|Win32.ActiveCfg = Release|Win32
		{AEB75753-F244-3485-A0EC-5C0C2180914C}.Release|Win32.Build.0 = Release|Win32
		{AEB75753-F244-3485-A0EC-5C0C2180914C}.MinSizeRel|Win32.ActiveCfg = MinSizeRel|Win32
		{AEB75753-F244-3485-A0EC-5C0C2180914C}.MinSizeRel|Win32.Build.0 = MinSizeRel|Win32
		{AEB75753-F244-3485-A0EC-5C0C2180914C}.RelWithDebInfo|Win32.ActiveCfg = RelWithDebInfo|Win32
		{AEB75753-F244-3485-A0EC-5C0C2180914C}.RelWithDebInfo|Win32.Build.0 = RelWithDebInfo|Win32
		{D45FC146-F33F-371A-9193-01F9F7E0E840}.Debug|Win32.ActiveCfg = Debug|Win32
		{D45FC146-F33F-371A-9193-01F9F7E0E840}.Debug|Win32.Build.0 = Debug|Win32
		{D45FC146-F33F-371A-9193-01F9F7E0E840}.Release|Win32.ActiveCfg = Release|Win32
		{D45FC146-F33F-371A-9193-01F9F7E0E840}.Release|Win32.Build.0 = Release|Win32
		{D45FC146-F33F-371A-9193-01F9F7E0E840}.MinSizeRel|Win32.ActiveCfg = MinSizeRel|Win32
		{D45FC146-F33F-371A-9193-01F9F7E0E840}.MinSizeRel|Win32.Build.0 = MinSizeRel|Win32
		{D45FC146-F33F-371A-9193-01F9F7E0E840}.RelWithDebInfo|Win32.ActiveCfg = RelWithDebInfo|Win32
		{D45FC146-F33F-371A-9193-01F9F7E0E840}.RelWithDebInfo|Win32.Build.0 = RelWithDebInfo|Win32
		{C01D2FA7-1DE2-32A4-91C5-A04F455D4D71}.Debug|Win32.ActiveCfg = Debug|Win32
		{C01D2FA7-1DE2-32A4-91C5-A04F455D4D71}.Debug|Win32.Build.0 = Debug|Win32
		{C01D2FA7-1DE2-32A4-91C5-A04F455D4D71}.Release|Win32.ActiveCfg = Release|Win32
		{C01D2FA7-1DE2-32A4-91C5-A04F455D4D71}.Release|Win32.Build.0 = Release|Win32
		{C01D2FA7-1DE2-32A4-91C5-A04F455D4D71}.MinSizeRel|Win32.ActiveCfg = MinSizeRel|Win32
		{C01D2FA7-1DE2-32A4-91C5-A04F455D4D71}.MinSizeRel|Win32.Build.0 = MinSizeRel|Win32
		{C01D2FA7-1DE2-32A4-91C5-A04F455D4D71}.RelWithDebInfo|Win32.ActiveCfg = RelWithDebInfo|Win32
		{C01D2FA7-1DE2-32A4-91C5-A04F455D4D71}.RelWithDebInfo|Win32.Build.0 = RelWithDebInfo|Win32
	EndGlobalSection
	GlobalSection(ExtensibilityGlobals) = postSolution
		SolutionGuid = {6E919050-F629-347B-8605-09A084872F43}
	EndGlobalSection
	GlobalSection(ExtensibilityAddIns) = postSolution
	EndGlobalSection
EndGlobal
