<?xml version="1.0" encoding="utf-8"?>
<Project ToolsVersion="17.0" xmlns="http://schemas.microsoft.com/developer/msbuild/2003">
  <ItemGroup>
    <ClCompile Include="Z:\build_cmake_x32\src\fxfile-upchecker\CMakeFiles\fxfile-upchecker.dir\cmake_pch.cxx">
      <Filter>Source Files</Filter>
    </ClCompile>
    <ClCompile Include="Z:\src\fxfile-upchecker\main_window.cpp">
      <Filter>Source Files</Filter>
    </ClCompile>
    <ClCompile Include="Z:\src\fxfile-upchecker\meta_data_file.cpp">
      <Filter>Source Files</Filter>
    </ClCompile>
    <ClCompile Include="Z:\src\fxfile-upchecker\program_opts.cpp">
      <Filter>Source Files</Filter>
    </ClCompile>
    <ClCompile Include="Z:\src\fxfile-upchecker\single_process.cpp">
      <Filter>Source Files</Filter>
    </ClCompile>
    <ClCompile Include="Z:\src\fxfile-upchecker\stdafx.cpp">
      <Filter>Source Files</Filter>
    </ClCompile>
    <ClCompile Include="Z:\src\fxfile-upchecker\update_checker.cpp">
      <Filter>Source Files</Filter>
    </ClCompile>
    <ClCompile Include="Z:\src\fxfile-upchecker\win_app.cpp">
      <Filter>Source Files</Filter>
    </ClCompile>
  </ItemGroup>
  <ItemGroup>
    <ClInclude Include="Z:\src\fxfile-upchecker\main_window.h">
      <Filter>Header Files</Filter>
    </ClInclude>
    <ClInclude Include="Z:\src\fxfile-upchecker\meta_data_file.h">
      <Filter>Header Files</Filter>
    </ClInclude>
    <ClInclude Include="Z:\src\fxfile-upchecker\program_opts.h">
      <Filter>Header Files</Filter>
    </ClInclude>
    <ClInclude Include="Z:\src\fxfile-upchecker\resource.h">
      <Filter>Header Files</Filter>
    </ClInclude>
    <ClInclude Include="Z:\src\fxfile-upchecker\single_process.h">
      <Filter>Header Files</Filter>
    </ClInclude>
    <ClInclude Include="Z:\src\fxfile-upchecker\stdafx.h">
      <Filter>Header Files</Filter>
    </ClInclude>
    <ClInclude Include="Z:\src\fxfile-upchecker\update_checker.h">
      <Filter>Header Files</Filter>
    </ClInclude>
    <ClInclude Include="Z:\src\fxfile-upchecker\win_app.h">
      <Filter>Header Files</Filter>
    </ClInclude>
    <ClInclude Include="Z:\build_cmake_x32\src\fxfile-upchecker\CMakeFiles\fxfile-upchecker.dir\Debug\cmake_pch.hxx">
      <Filter>Precompile Header File</Filter>
    </ClInclude>
    <ClInclude Include="Z:\build_cmake_x32\src\fxfile-upchecker\CMakeFiles\fxfile-upchecker.dir\Release\cmake_pch.hxx">
      <Filter>Precompile Header File</Filter>
    </ClInclude>
    <ClInclude Include="Z:\build_cmake_x32\src\fxfile-upchecker\CMakeFiles\fxfile-upchecker.dir\MinSizeRel\cmake_pch.hxx">
      <Filter>Precompile Header File</Filter>
    </ClInclude>
    <ClInclude Include="Z:\build_cmake_x32\src\fxfile-upchecker\CMakeFiles\fxfile-upchecker.dir\RelWithDebInfo\cmake_pch.hxx">
      <Filter>Precompile Header File</Filter>
    </ClInclude>
  </ItemGroup>
  <ItemGroup>
    <CustomBuild Include="Z:\src\fxfile-upchecker\CMakeLists.txt" />
  </ItemGroup>
  <ItemGroup>
    <Object Include="Z:\build_cmake_x32\src\base\base.dir\$(Configuration)\cmake_pch.obj">
      <Filter>Object Libraries</Filter>
    </Object>
    <Object Include="Z:\build_cmake_x32\src\base\base.dir\$(Configuration)\conf_file.obj">
      <Filter>Object Libraries</Filter>
    </Object>
    <Object Include="Z:\build_cmake_x32\src\base\base.dir\$(Configuration)\crc32.obj">
      <Filter>Object Libraries</Filter>
    </Object>
    <Object Include="Z:\build_cmake_x32\src\base\base.dir\$(Configuration)\env_path.obj">
      <Filter>Object Libraries</Filter>
    </Object>
    <Object Include="Z:\build_cmake_x32\src\base\base.dir\$(Configuration)\fnmatch.obj">
      <Filter>Object Libraries</Filter>
    </Object>
    <Object Include="Z:\build_cmake_x32\src\base\base.dir\$(Configuration)\format_string_table.obj">
      <Filter>Object Libraries</Filter>
    </Object>
    <Object Include="Z:\build_cmake_x32\src\base\base.dir\$(Configuration)\getopt.obj">
      <Filter>Object Libraries</Filter>
    </Object>
    <Object Include="Z:\build_cmake_x32\src\base\base.dir\$(Configuration)\language_pack.obj">
      <Filter>Object Libraries</Filter>
    </Object>
    <Object Include="Z:\build_cmake_x32\src\base\base.dir\$(Configuration)\language_table.obj">
      <Filter>Object Libraries</Filter>
    </Object>
    <Object Include="Z:\build_cmake_x32\src\base\base.dir\$(Configuration)\md5.obj">
      <Filter>Object Libraries</Filter>
    </Object>
    <Object Include="Z:\build_cmake_x32\src\base\base.dir\$(Configuration)\pidl_win.obj">
      <Filter>Object Libraries</Filter>
    </Object>
    <Object Include="Z:\build_cmake_x32\src\base\base.dir\$(Configuration)\sha.obj">
      <Filter>Object Libraries</Filter>
    </Object>
    <Object Include="Z:\build_cmake_x32\src\base\base.dir\$(Configuration)\shell_enumerator_win.obj">
      <Filter>Object Libraries</Filter>
    </Object>
    <Object Include="Z:\build_cmake_x32\src\base\base.dir\$(Configuration)\shell_item_win.obj">
      <Filter>Object Libraries</Filter>
    </Object>
    <Object Include="Z:\build_cmake_x32\src\base\base.dir\$(Configuration)\stdafx.obj">
      <Filter>Object Libraries</Filter>
    </Object>
    <Object Include="Z:\build_cmake_x32\src\base\base.dir\$(Configuration)\string_table.obj">
      <Filter>Object Libraries</Filter>
    </Object>
    <Object Include="Z:\build_cmake_x32\src\base\base.dir\$(Configuration)\update_info_manager.obj">
      <Filter>Object Libraries</Filter>
    </Object>
    <Object Include="Z:\build_cmake_x32\src\base\base.dir\$(Configuration)\xml.obj">
      <Filter>Object Libraries</Filter>
    </Object>
  </ItemGroup>
  <ItemGroup>
    <ResourceCompile Include="Z:\src\fxfile-upchecker\fxfile-upchecker.rc">
      <Filter>Source Files</Filter>
    </ResourceCompile>
  </ItemGroup>
  <ItemGroup>
    <Filter Include="Header Files">
      <UniqueIdentifier>{0EE49D60-3E64-364D-961A-4B9D3B623E1D}</UniqueIdentifier>
    </Filter>
    <Filter Include="Object Libraries">
      <UniqueIdentifier>{4C5F0CDE-5006-30DC-9C93-74DB24BAFB73}</UniqueIdentifier>
    </Filter>
    <Filter Include="Precompile Header File">
      <UniqueIdentifier>{480493AE-1532-3DD5-8EF1-B08572440101}</UniqueIdentifier>
    </Filter>
    <Filter Include="Source Files">
      <UniqueIdentifier>{072414C0-8A0C-3CCE-A98F-47605ED3901F}</UniqueIdentifier>
    </Filter>
  </ItemGroup>
</Project>
