<?xml version="1.0" encoding="utf-8"?>
<Project ToolsVersion="17.0" xmlns="http://schemas.microsoft.com/developer/msbuild/2003">
  <ItemGroup>
    <ClCompile Include="Z:\src\xpr\xpr\xpr_atomic_win.cpp">
      <Filter>Source Files</Filter>
    </ClCompile>
    <ClCompile Include="Z:\src\xpr\xpr\xpr_char.cpp">
      <Filter>Source Files</Filter>
    </ClCompile>
    <ClCompile Include="Z:\src\xpr\xpr\xpr_char_set.cpp">
      <Filter>Source Files</Filter>
    </ClCompile>
    <ClCompile Include="Z:\src\xpr\xpr\xpr_cstr.cpp">
      <Filter>Source Files</Filter>
    </ClCompile>
    <ClCompile Include="Z:\src\xpr\xpr\xpr_debug_win.cpp">
      <Filter>Source Files</Filter>
    </ClCompile>
    <ClCompile Include="Z:\src\xpr\xpr\xpr_dllmain_win.cpp">
      <Filter>Source Files</Filter>
    </ClCompile>
    <ClCompile Include="Z:\src\xpr\xpr\xpr_env.cpp">
      <Filter>Source Files</Filter>
    </ClCompile>
    <ClCompile Include="Z:\src\xpr\xpr\xpr_file_io_win.cpp">
      <Filter>Source Files</Filter>
    </ClCompile>
    <ClCompile Include="Z:\src\xpr\xpr\xpr_file_path_win.cpp">
      <Filter>Source Files</Filter>
    </ClCompile>
    <ClCompile Include="Z:\src\xpr\xpr\xpr_file_sys_win.cpp">
      <Filter>Source Files</Filter>
    </ClCompile>
    <ClCompile Include="Z:\src\xpr\xpr\xpr_guid.cpp">
      <Filter>Source Files</Filter>
    </ClCompile>
    <ClCompile Include="Z:\src\xpr\xpr\xpr_hash.cpp">
      <Filter>Source Files</Filter>
    </ClCompile>
    <ClCompile Include="Z:\src\xpr\xpr\xpr_hash_knuth_multiplicative.cpp">
      <Filter>Source Files</Filter>
    </ClCompile>
    <ClCompile Include="Z:\src\xpr\xpr\xpr_hash_pseudo_randomizing.cpp">
      <Filter>Source Files</Filter>
    </ClCompile>
    <ClCompile Include="Z:\src\xpr\xpr\xpr_init.cpp">
      <Filter>Source Files</Filter>
    </ClCompile>
    <ClCompile Include="Z:\src\xpr\xpr\xpr_lazy_library_load_win.cpp">
      <Filter>Source Files</Filter>
    </ClCompile>
    <ClCompile Include="Z:\src\xpr\xpr\xpr_memory.cpp">
      <Filter>Source Files</Filter>
    </ClCompile>
    <ClCompile Include="Z:\src\xpr\xpr\xpr_process_sync_win.cpp">
      <Filter>Source Files</Filter>
    </ClCompile>
    <ClCompile Include="Z:\src\xpr\xpr\xpr_process_win.cpp">
      <Filter>Source Files</Filter>
    </ClCompile>
    <ClCompile Include="Z:\src\xpr\xpr\xpr_rcode.cpp">
      <Filter>Source Files</Filter>
    </ClCompile>
    <ClCompile Include="Z:\src\xpr\xpr\xpr_shm_win.cpp">
      <Filter>Source Files</Filter>
    </ClCompile>
    <ClCompile Include="Z:\src\xpr\xpr\xpr_string.cpp">
      <Filter>Source Files</Filter>
    </ClCompile>
    <ClCompile Include="Z:\src\xpr\xpr\xpr_string_iterator.cpp">
      <Filter>Source Files</Filter>
    </ClCompile>
    <ClCompile Include="Z:\src\xpr\xpr\xpr_string_tokenizer.cpp">
      <Filter>Source Files</Filter>
    </ClCompile>
    <ClCompile Include="Z:\src\xpr\xpr\xpr_system_win.cpp">
      <Filter>Source Files</Filter>
    </ClCompile>
    <ClCompile Include="Z:\src\xpr\xpr\xpr_text_file_io.cpp">
      <Filter>Source Files</Filter>
    </ClCompile>
    <ClCompile Include="Z:\src\xpr\xpr\xpr_mutex_win.cpp">
      <Filter>Source Files</Filter>
    </ClCompile>
    <ClCompile Include="Z:\src\xpr\xpr\xpr_thread_win.cpp">
      <Filter>Source Files</Filter>
    </ClCompile>
    <ClCompile Include="Z:\src\xpr\xpr\xpr_time_win.cpp">
      <Filter>Source Files</Filter>
    </ClCompile>
    <ClCompile Include="Z:\src\xpr\xpr\xpr_trace_logger.cpp">
      <Filter>Source Files</Filter>
    </ClCompile>
    <ClCompile Include="Z:\src\xpr\xpr\xpr_ustring.cpp">
      <Filter>Source Files</Filter>
    </ClCompile>
    <ClCompile Include="Z:\src\xpr\xpr\xpr_ver.cpp">
      <Filter>Source Files</Filter>
    </ClCompile>
    <ClCompile Include="Z:\src\xpr\xpr\xpr_xml.cpp">
      <Filter>Source Files</Filter>
    </ClCompile>
    <ClCompile Include="Z:\src\xpr\mingw_compat.c">
      <Filter>Source Files</Filter>
    </ClCompile>
  </ItemGroup>
  <ItemGroup>
    <ClInclude Include="Z:\src\xpr\xpr\xpr_hash_internal.h">
      <Filter>Header Files</Filter>
    </ClInclude>
    <ClInclude Include="Z:\src\xpr\xpr\xpr_hash_knuth_multiplicative.h">
      <Filter>Header Files</Filter>
    </ClInclude>
    <ClInclude Include="Z:\src\xpr\xpr\xpr_hash_pseudo_randomizing.h">
      <Filter>Header Files</Filter>
    </ClInclude>
    <ClInclude Include="Z:\src\xpr\xpr\xpr_lazy_library_load.h">
      <Filter>Header Files</Filter>
    </ClInclude>
    <ClInclude Include="Z:\src\xpr\include\xpr.h">
      <Filter>Header Files</Filter>
    </ClInclude>
    <ClInclude Include="Z:\src\xpr\include\xpr_atomic.h">
      <Filter>Header Files</Filter>
    </ClInclude>
    <ClInclude Include="Z:\src\xpr\include\xpr_bit.h">
      <Filter>Header Files</Filter>
    </ClInclude>
    <ClInclude Include="Z:\src\xpr\include\xpr_buffer.h">
      <Filter>Header Files</Filter>
    </ClInclude>
    <ClInclude Include="Z:\src\xpr\include\xpr_char.h">
      <Filter>Header Files</Filter>
    </ClInclude>
    <ClInclude Include="Z:\src\xpr\include\xpr_char_set.h">
      <Filter>Header Files</Filter>
    </ClInclude>
    <ClInclude Include="Z:\src\xpr\include\xpr_config.h">
      <Filter>Header Files</Filter>
    </ClInclude>
    <ClInclude Include="Z:\src\xpr\include\xpr_config_win.h">
      <Filter>Header Files</Filter>
    </ClInclude>
    <ClInclude Include="Z:\src\xpr\include\xpr_cond_variable.h">
      <Filter>Header Files</Filter>
    </ClInclude>
    <ClInclude Include="Z:\src\xpr\include\xpr_cstr.h">
      <Filter>Header Files</Filter>
    </ClInclude>
    <ClInclude Include="Z:\src\xpr\include\xpr_debug.h">
      <Filter>Header Files</Filter>
    </ClInclude>
    <ClInclude Include="Z:\src\xpr\include\xpr_define.h">
      <Filter>Header Files</Filter>
    </ClInclude>
    <ClInclude Include="Z:\src\xpr\include\xpr_dlsym.h">
      <Filter>Header Files</Filter>
    </ClInclude>
    <ClInclude Include="Z:\src\xpr\include\xpr_endian.h">
      <Filter>Header Files</Filter>
    </ClInclude>
    <ClInclude Include="Z:\src\xpr\include\xpr_env.h">
      <Filter>Header Files</Filter>
    </ClInclude>
    <ClInclude Include="Z:\src\xpr\include\xpr_file_io.h">
      <Filter>Header Files</Filter>
    </ClInclude>
    <ClInclude Include="Z:\src\xpr\include\xpr_file_path.h">
      <Filter>Header Files</Filter>
    </ClInclude>
    <ClInclude Include="Z:\src\xpr\include\xpr_file_sys.h">
      <Filter>Header Files</Filter>
    </ClInclude>
    <ClInclude Include="Z:\src\xpr\include\xpr_guid.h">
      <Filter>Header Files</Filter>
    </ClInclude>
    <ClInclude Include="Z:\src\xpr\include\xpr_hash.h">
      <Filter>Header Files</Filter>
    </ClInclude>
    <ClInclude Include="Z:\src\xpr\include\xpr_init.h">
      <Filter>Header Files</Filter>
    </ClInclude>
    <ClInclude Include="Z:\src\xpr\include\xpr_math.h">
      <Filter>Header Files</Filter>
    </ClInclude>
    <ClInclude Include="Z:\src\xpr\include\xpr_memory.h">
      <Filter>Header Files</Filter>
    </ClInclude>
    <ClInclude Include="Z:\src\xpr\include\xpr_memory_barrier.h">
      <Filter>Header Files</Filter>
    </ClInclude>
    <ClInclude Include="Z:\src\xpr\include\xpr_net_io.h">
      <Filter>Header Files</Filter>
    </ClInclude>
    <ClInclude Include="Z:\src\xpr\include\xpr_process.h">
      <Filter>Header Files</Filter>
    </ClInclude>
    <ClInclude Include="Z:\src\xpr\include\xpr_process_sync.h">
      <Filter>Header Files</Filter>
    </ClInclude>
    <ClInclude Include="Z:\src\xpr\include\xpr_rcode.h">
      <Filter>Header Files</Filter>
    </ClInclude>
    <ClInclude Include="Z:\src\xpr\include\xpr_rw_lock.h">
      <Filter>Header Files</Filter>
    </ClInclude>
    <ClInclude Include="Z:\src\xpr\include\xpr_scoped_ptr.h">
      <Filter>Header Files</Filter>
    </ClInclude>
    <ClInclude Include="Z:\src\xpr\include\xpr_shm.h">
      <Filter>Header Files</Filter>
    </ClInclude>
    <ClInclude Include="Z:\src\xpr\include\xpr_spin_lock.h">
      <Filter>Header Files</Filter>
    </ClInclude>
    <ClInclude Include="Z:\src\xpr\include\xpr_std.h">
      <Filter>Header Files</Filter>
    </ClInclude>
    <ClInclude Include="Z:\src\xpr\include\xpr_string.h">
      <Filter>Header Files</Filter>
    </ClInclude>
    <ClInclude Include="Z:\src\xpr\include\xpr_string_iterator.h">
      <Filter>Header Files</Filter>
    </ClInclude>
    <ClInclude Include="Z:\src\xpr\include\xpr_string_tokenizer.h">
      <Filter>Header Files</Filter>
    </ClInclude>
    <ClInclude Include="Z:\src\xpr\include\xpr_system.h">
      <Filter>Header Files</Filter>
    </ClInclude>
    <ClInclude Include="Z:\src\xpr\include\xpr_tchar.h">
      <Filter>Header Files</Filter>
    </ClInclude>
    <ClInclude Include="Z:\src\xpr\include\xpr_text_file_io.h">
      <Filter>Header Files</Filter>
    </ClInclude>
    <ClInclude Include="Z:\src\xpr\include\xpr_thread.h">
      <Filter>Header Files</Filter>
    </ClInclude>
    <ClInclude Include="Z:\src\xpr\include\xpr_time.h">
      <Filter>Header Files</Filter>
    </ClInclude>
    <ClInclude Include="Z:\src\xpr\include\xpr_trace_logger.h">
      <Filter>Header Files</Filter>
    </ClInclude>
    <ClInclude Include="Z:\src\xpr\include\xpr_types.h">
      <Filter>Header Files</Filter>
    </ClInclude>
    <ClInclude Include="Z:\src\xpr\include\xpr_uri.h">
      <Filter>Header Files</Filter>
    </ClInclude>
    <ClInclude Include="Z:\src\xpr\include\xpr_ustring.h">
      <Filter>Header Files</Filter>
    </ClInclude>
    <ClInclude Include="Z:\src\xpr\include\xpr_ver.h">
      <Filter>Header Files</Filter>
    </ClInclude>
    <ClInclude Include="Z:\src\xpr\include\xpr_xml.h">
      <Filter>Header Files</Filter>
    </ClInclude>
  </ItemGroup>
  <ItemGroup>
    <CustomBuild Include="Z:\src\xpr\CMakeLists.txt" />
  </ItemGroup>
  <ItemGroup>
    <Filter Include="Header Files">
      <UniqueIdentifier>{ACA06605-2645-3A35-AACD-0CB75A54420A}</UniqueIdentifier>
    </Filter>
    <Filter Include="Source Files">
      <UniqueIdentifier>{68AEEC33-EF37-3E43-A194-36CBE259AA84}</UniqueIdentifier>
    </Filter>
  </ItemGroup>
</Project>
